// !$*UTF8*$!
{
	archiveVersion = 1;
	classes = {
	};
	objectVersion = 48;
	objects = {

/* Begin PBXBuildFile section */
		04125A3F2029BE0E0082BFD0 /* SearchResultsController.swift in Sources */ = {isa = PBXBuildFile; fileRef = 04125A3E2029BE0E0082BFD0 /* SearchResultsController.swift */; };
		04C3255F2029AE930076CF68 /* AppDelegate.swift in Sources */ = {isa = PBXBuildFile; fileRef = 04C3255E2029AE930076CF68 /* AppDelegate.swift */; };
		04C325612029AE930076CF68 /* ViewController.swift in Sources */ = {isa = PBXBuildFile; fileRef = 04C325602029AE930076CF68 /* ViewController.swift */; };
		04C325642029AE930076CF68 /* Main.storyboard in Resources */ = {isa = PBXBuildFile; fileRef = 04C325622029AE930076CF68 /* Main.storyboard */; };
		04C325662029AE930076CF68 /* Assets.xcassets in Resources */ = {isa = PBXBuildFile; fileRef = 04C325652029AE930076CF68 /* Assets.xcassets */; };
		04C325692029AE940076CF68 /* LaunchScreen.storyboard in Resources */ = {isa = PBXBuildFile; fileRef = 04C325672029AE940076CF68 /* LaunchScreen.storyboard */; };
		2AF96F28F7DD1B37735200C9 /* libPods-Maptest2.a in Frameworks */ = {isa = PBXBuildFile; fileRef = EEE66187F3E18B7680437906 /* libPods-Maptest2.a */; };
/* End PBXBuildFile section */

/* Begin PBXFileReference section */
		04125A3E2029BE0E0082BFD0 /* SearchResultsController.swift */ = {isa = PBXFileReference; lastKnownFileType = sourcecode.swift; path = SearchResultsController.swift; sourceTree = "<group>"; };
		04C3255B2029AE930076CF68 /* Maptest2.app */ = {isa = PBXFileReference; explicitFileType = wrapper.application; includeInIndex = 0; path = Maptest2.app; sourceTree = BUILT_PRODUCTS_DIR; };
		04C3255E2029AE930076CF68 /* AppDelegate.swift */ = {isa = PBXFileReference; lastKnownFileType = sourcecode.swift; path = AppDelegate.swift; sourceTree = "<group>"; };
		04C325602029AE930076CF68 /* ViewController.swift */ = {isa = PBXFileReference; lastKnownFileType = sourcecode.swift; path = ViewController.swift; sourceTree = "<group>"; };
		04C325632029AE930076CF68 /* Base */ = {isa = PBXFileReference; lastKnownFileType = file.storyboard; name = Base; path = Base.lproj/Main.storyboard; sourceTree = "<group>"; };
		04C325652029AE930076CF68 /* Assets.xcassets */ = {isa = PBXFileReference; lastKnownFileType = folder.assetcatalog; path = Assets.xcassets; sourceTree = "<group>"; };
		04C325682029AE940076CF68 /* Base */ = {isa = PBXFileReference; lastKnownFileType = file.storyboard; name = Base; path = Base.lproj/LaunchScreen.storyboard; sourceTree = "<group>"; };
		04C3256A2029AE940076CF68 /* Info.plist */ = {isa = PBXFileReference; lastKnownFileType = text.plist.xml; path = Info.plist; sourceTree = "<group>"; };
		A72C15C6B7FE30153BCF5E39 /* Pods-Maptest2.release.xcconfig */ = {isa = PBXFileReference; includeInIndex = 1; lastKnownFileType = text.xcconfig; name = "Pods-Maptest2.release.xcconfig"; path = "Pods/Target Support Files/Pods-Maptest2/Pods-Maptest2.release.xcconfig"; sourceTree = "<group>"; };
		C2002CE62BBECE6728E93D38 /* Pods-Maptest2.debug.xcconfig */ = {isa = PBXFileReference; includeInIndex = 1; lastKnownFileType = text.xcconfig; name = "Pods-Maptest2.debug.xcconfig"; path = "Pods/Target Support Files/Pods-Maptest2/Pods-Maptest2.debug.xcconfig"; sourceTree = "<group>"; };
		EEE66187F3E18B7680437906 /* libPods-Maptest2.a */ = {isa = PBXFileReference; explicitFileType = archive.ar; includeInIndex = 0; path = "libPods-Maptest2.a"; sourceTree = BUILT_PRODUCTS_DIR; };
/* End PBXFileReference section */

/* Begin PBXFrameworksBuildPhase section */
		04C325582029AE930076CF68 /* Frameworks */ = {
			isa = PBXFrameworksBuildPhase;
			buildActionMask = 2147483647;
			files = (
				2AF96F28F7DD1B37735200C9 /* libPods-Maptest2.a in Frameworks */,
			);
			runOnlyForDeploymentPostprocessing = 0;
		};
/* End PBXFrameworksBuildPhase section */

/* Begin PBXGroup section */
		04C325522029AE930076CF68 = {
			isa = PBXGroup;
			children = (
				04C3255D2029AE930076CF68 /* Maptest2 */,
				04C3255C2029AE930076CF68 /* Products */,
				3610F6EA885741E791A49637 /* Pods */,
				3DFF87C2B00AFC165486930C /* Frameworks */,
			);
			sourceTree = "<group>";
		};
		04C3255C2029AE930076CF68 /* Products */ = {
			isa = PBXGroup;
			children = (
				04C3255B2029AE930076CF68 /* Maptest2.app */,
			);
			name = Products;
			sourceTree = "<group>";
		};
		04C3255D2029AE930076CF68 /* Maptest2 */ = {
			isa = PBXGroup;
			children = (
				04C3255E2029AE930076CF68 /* AppDelegate.swift */,
				04C325602029AE930076CF68 /* ViewController.swift */,
				04125A3E2029BE0E0082BFD0 /* SearchResultsController.swift */,
				04C325622029AE930076CF68 /* Main.storyboard */,
				04C325652029AE930076CF68 /* Assets.xcassets */,
				04C325672029AE940076CF68 /* LaunchScreen.storyboard */,
				04C3256A2029AE940076CF68 /* Info.plist */,
			);
			path = Maptest2;
			sourceTree = "<group>";
		};
		3610F6EA885741E791A49637 /* Pods */ = {
			isa = PBXGroup;
			children = (
				C2002CE62BBECE6728E93D38 /* Pods-Maptest2.debug.xcconfig */,
				A72C15C6B7FE30153BCF5E39 /* Pods-Maptest2.release.xcconfig */,
			);
			name = Pods;
			sourceTree = "<group>";
		};
		3DFF87C2B00AFC165486930C /* Frameworks */ = {
			isa = PBXGroup;
			children = (
				EEE66187F3E18B7680437906 /* libPods-Maptest2.a */,
			);
			name = Frameworks;
			sourceTree = "<group>";
		};
/* End PBXGroup section */

/* Begin PBXNativeTarget section */
		04C3255A2029AE930076CF68 /* Maptest2 */ = {
			isa = PBXNativeTarget;
			buildConfigurationList = 04C3256D2029AE940076CF68 /* Build configuration list for PBXNativeTarget "Maptest2" */;
			buildPhases = (
				02D0E535B6F28D81E757C298 /* [CP] Check Pods Manifest.lock */,
				04C325572029AE930076CF68 /* Sources */,
				04C325582029AE930076CF68 /* Frameworks */,
				04C325592029AE930076CF68 /* Resources */,
				6019B366F12834094CA94841 /* [CP] Embed Pods Frameworks */,
				6DFA2D7705C7C88FD313552A /* [CP] Copy Pods Resources */,
			);
			buildRules = (
			);
			dependencies = (
			);
			name = Maptest2;
			productName = Maptest2;
			productReference = 04C3255B2029AE930076CF68 /* Maptest2.app */;
			productType = "com.apple.product-type.application";
		};
/* End PBXNativeTarget section */

/* Begin PBXProject section */
		04C325532029AE930076CF68 /* Project object */ = {
			isa = PBXProject;
			attributes = {
				LastSwiftUpdateCheck = 0920;
				LastUpgradeCheck = 0920;
				ORGANIZATIONNAME = swift;
				TargetAttributes = {
					04C3255A2029AE930076CF68 = {
						CreatedOnToolsVersion = 9.2;
						ProvisioningStyle = Automatic;
					};
				};
			};
			buildConfigurationList = 04C325562029AE930076CF68 /* Build configuration list for PBXProject "Maptest2" */;
			compatibilityVersion = "Xcode 8.0";
			developmentRegion = en;
			hasScannedForEncodings = 0;
			knownRegions = (
				en,
				Base,
			);
			mainGroup = 04C325522029AE930076CF68;
			productRefGroup = 04C3255C2029AE930076CF68 /* Products */;
			projectDirPath = "";
			projectRoot = "";
			targets = (
				04C3255A2029AE930076CF68 /* Maptest2 */,
			);
		};
/* End PBXProject section */

/* Begin PBXResourcesBuildPhase section */
		04C325592029AE930076CF68 /* Resources */ = {
			isa = PBXResourcesBuildPhase;
			buildActionMask = 2147483647;
			files = (
				04C325692029AE940076CF68 /* LaunchScreen.storyboard in Resources */,
				04C325662029AE930076CF68 /* Assets.xcassets in Resources */,
				04C325642029AE930076CF68 /* Main.storyboard in Resources */,
			);
			runOnlyForDeploymentPostprocessing = 0;
		};
/* End PBXResourcesBuildPhase section */

/* Begin PBXShellScriptBuildPhase section */
		02D0E535B6F28D81E757C298 /* [CP] Check Pods Manifest.lock */ = {
			isa = PBXShellScriptBuildPhase;
			buildActionMask = 2147483647;
			files = (
			);
			inputPaths = (
				"${PODS_PODFILE_DIR_PATH}/Podfile.lock",
				"${PODS_ROOT}/Manifest.lock",
			);
			name = "[CP] Check Pods Manifest.lock";
			outputPaths = (
				"$(DERIVED_FILE_DIR)/Pods-Maptest2-checkManifestLockResult.txt",
			);
			runOnlyForDeploymentPostprocessing = 0;
			shellPath = /bin/sh;
			shellScript = "diff \"${PODS_PODFILE_DIR_PATH}/Podfile.lock\" \"${PODS_ROOT}/Manifest.lock\" > /dev/null\nif [ $? != 0 ] ; then\n    # print error to STDERR\n    echo \"error: The sandbox is not in sync with the Podfile.lock. Run 'pod install' or update your CocoaPods installation.\" >&2\n    exit 1\nfi\n# This output is used by Xcode 'outputs' to avoid re-running this script phase.\necho \"SUCCESS\" > \"${SCRIPT_OUTPUT_FILE_0}\"\n";
			showEnvVarsInLog = 0;
		};
		6019B366F12834094CA94841 /* [CP] Embed Pods Frameworks */ = {
			isa = PBXShellScriptBuildPhase;
			buildActionMask = 2147483647;
			files = (
			);
			inputPaths = (
			);
			name = "[CP] Embed Pods Frameworks";
			outputPaths = (
			);
			runOnlyForDeploymentPostprocessing = 0;
			shellPath = /bin/sh;
			shellScript = "\"${SRCROOT}/Pods/Target Support Files/Pods-Maptest2/Pods-Maptest2-frameworks.sh\"\n";
			showEnvVarsInLog = 0;
		};
		6DFA2D7705C7C88FD313552A /* [CP] Copy Pods Resources */ = {
			isa = PBXShellScriptBuildPhase;
			buildActionMask = 2147483647;
			files = (
			);
			inputPaths = (
				"${SRCROOT}/Pods/Target Support Files/Pods-Maptest2/Pods-Maptest2-resources.sh",
				"${PODS_ROOT}/GoogleMaps/Maps/Frameworks/GoogleMaps.framework/Resources/GoogleMaps.bundle",
				"${PODS_ROOT}/GooglePlacePicker/Frameworks/GooglePlacePicker.framework/Resources/GooglePlacePicker.bundle",
				"${PODS_ROOT}/GooglePlaces/Frameworks/GooglePlaces.framework/Resources/GooglePlaces.bundle",
			);
			name = "[CP] Copy Pods Resources";
			outputPaths = (
				"${TARGET_BUILD_DIR}/${UNLOCALIZED_RESOURCES_FOLDER_PATH}/GoogleMaps.bundle",
				"${TARGET_BUILD_DIR}/${UNLOCALIZED_RESOURCES_FOLDER_PATH}/GooglePlacePicker.bundle",
				"${TARGET_BUILD_DIR}/${UNLOCALIZED_RESOURCES_FOLDER_PATH}/GooglePlaces.bundle",
			);
			runOnlyForDeploymentPostprocessing = 0;
			shellPath = /bin/sh;
			shellScript = "\"${SRCROOT}/Pods/Target Support Files/Pods-Maptest2/Pods-Maptest2-resources.sh\"\n";
			showEnvVarsInLog = 0;
		};
/* End PBXShellScriptBuildPhase section */

/* Begin PBXSourcesBuildPhase section */
		04C325572029AE930076CF68 /* Sources */ = {
			isa = PBXSourcesBuildPhase;
			buildActionMask = 2147483647;
			files = (
				04C325612029AE930076CF68 /* ViewController.swift in Sources */,
				04125A3F2029BE0E0082BFD0 /* SearchResultsController.swift in Sources */,
				04C3255F2029AE930076CF68 /* AppDelegate.swift in Sources */,
			);
			runOnlyForDeploymentPostprocessing = 0;
		};
/* End PBXSourcesBuildPhase section */

/* Begin PBXVariantGroup section */
		04C325622029AE930076CF68 /* Main.storyboard */ = {
			isa = PBXVariantGroup;
			children = (
				04C325632029AE930076CF68 /* Base */,
			);
			name = Main.storyboard;
			sourceTree = "<group>";
		};
		04C325672029AE940076CF68 /* LaunchScreen.storyboard */ = {
			isa = PBXVariantGroup;
			children = (
				04C325682029AE940076CF68 /* Base */,
			);
			name = LaunchScreen.storyboard;
			sourceTree = "<group>";
		};
/* End PBXVariantGroup section */

/* Begin XCBuildConfiguration section */
		04C3256B2029AE940076CF68 /* Debug */ = {
			isa = XCBuildConfiguration;
			buildSettings = {
				ALWAYS_SEARCH_USER_PATHS = NO;
				CLANG_ANALYZER_NONNULL = YES;
				CLANG_ANALYZER_NUMBER_OBJECT_CONVERSION = YES_AGGRESSIVE;
				CLANG_CXX_LANGUAGE_STANDARD = "gnu++14";
				CLANG_CXX_LIBRARY = "libc++";
				CLANG_ENABLE_MODULES = YES;
				CLANG_ENABLE_OBJC_ARC = YES;
				CLANG_WARN_BLOCK_CAPTURE_AUTORELEASING = YES;
				CLANG_WARN_BOOL_CONVERSION = YES;
				CLANG_WARN_COMMA = YES;
				CLANG_WARN_CONSTANT_CONVERSION = YES;
				CLANG_WARN_DIRECT_OBJC_ISA_USAGE = YES_ERROR;
				CLANG_WARN_DOCUMENTATION_COMMENTS = YES;
				CLANG_WARN_EMPTY_BODY = YES;
				CLANG_WARN_ENUM_CONVERSION = YES;
				CLANG_WARN_INFINITE_RECURSION = YES;
				CLANG_WARN_INT_CONVERSION = YES;
				CLANG_WARN_NON_LITERAL_NULL_CONVERSION = YES;
				CLANG_WARN_OBJC_LITERAL_CONVERSION = YES;
				CLANG_WARN_OBJC_ROOT_CLASS = YES_ERROR;
				CLANG_WARN_RANGE_LOOP_ANALYSIS = YES;
				CLANG_WARN_STRICT_PROTOTYPES = YES;
				CLANG_WARN_SUSPICIOUS_MOVE = YES;
				CLANG_WARN_UNGUARDED_AVAILABILITY = YES_AGGRESSIVE;
				CLANG_WARN_UNREACHABLE_CODE = YES;
				CLANG_WARN__DUPLICATE_METHOD_MATCH = YES;
				CODE_SIGN_IDENTITY = "iPhone Developer";
				COPY_PHASE_STRIP = NO;
				DEBUG_INFORMATION_FORMAT = dwarf;
				ENABLE_STRICT_OBJC_MSGSEND = YES;
				ENABLE_TESTABILITY = YES;
				GCC_C_LANGUAGE_STANDARD = gnu11;
				GCC_DYNAMIC_NO_PIC = NO;
				GCC_NO_COMMON_BLOCKS = YES;
				GCC_OPTIMIZATION_LEVEL = 0;
				GCC_PREPROCESSOR_DEFINITIONS = (
					"DEBUG=1",
					"$(inherited)",
				);
				GCC_WARN_64_TO_32_BIT_CONVERSION = YES;
				GCC_WARN_ABOUT_RETURN_TYPE = YES_ERROR;
				GCC_WARN_UNDECLARED_SELECTOR = YES;
				GCC_WARN_UNINITIALIZED_AUTOS = YES_AGGRESSIVE;
				GCC_WARN_UNUSED_FUNCTION = YES;
				GCC_WARN_UNUSED_VARIABLE = YES;
				IPHONEOS_DEPLOYMENT_TARGET = 11.2;
				MTL_ENABLE_DEBUG_INFO = YES;
				ONLY_ACTIVE_ARCH = YES;
				SDKROOT = iphoneos;
				SWIFT_ACTIVE_COMPILATION_CONDITIONS = DEBUG;
				SWIFT_OPTIMIZATION_LEVEL = "-Onone";
			};
			name = Debug;
		};
		04C3256C2029AE940076CF68 /* Release */ = {
			isa = XCBuildConfiguration;
			buildSettings = {
				ALWAYS_SEARCH_USER_PATHS = NO;
				CLANG_ANALYZER_NONNULL = YES;
				CLANG_ANALYZER_NUMBER_OBJECT_CONVERSION = YES_AGGRESSIVE;
				CLANG_CXX_LANGUAGE_STANDARD = "gnu++14";
				CLANG_CXX_LIBRARY = "libc++";
				CLANG_ENABLE_MODULES = YES;
				CLANG_ENABLE_OBJC_ARC = YES;
				CLANG_WARN_BLOCK_CAPTURE_AUTORELEASING = YES;
				CLANG_WARN_BOOL_CONVERSION = YES;
				CLANG_WARN_COMMA = YES;
				CLANG_WARN_CONSTANT_CONVERSION = YES;
				CLANG_WARN_DIRECT_OBJC_ISA_USAGE = YES_ERROR;
				CLANG_WARN_DOCUMENTATION_COMMENTS = YES;
				CLANG_WARN_EMPTY_BODY = YES;
				CLANG_WARN_ENUM_CONVERSION = YES;
				CLANG_WARN_INFINITE_RECURSION = YES;
				CLANG_WARN_INT_CONVERSION = YES;
				CLANG_WARN_NON_LITERAL_NULL_CONVERSION = YES;
				CLANG_WARN_OBJC_LITERAL_CONVERSION = YES;
				CLANG_WARN_OBJC_ROOT_CLASS = YES_ERROR;
				CLANG_WARN_RANGE_LOOP_ANALYSIS = YES;
				CLANG_WARN_STRICT_PROTOTYPES = YES;
				CLANG_WARN_SUSPICIOUS_MOVE = YES;
				CLANG_WARN_UNGUARDED_AVAILABILITY = YES_AGGRESSIVE;
				CLANG_WARN_UNREACHABLE_CODE = YES;
				CLANG_WARN__DUPLICATE_METHOD_MATCH = YES;
				CODE_SIGN_IDENTITY = "iPhone Developer";
				COPY_PHASE_STRIP = NO;
				DEBUG_INFORMATION_FORMAT = "dwarf-with-dsym";
				ENABLE_NS_ASSERTIONS = NO;
				ENABLE_STRICT_OBJC_MSGSEND = YES;
				GCC_C_LANGUAGE_STANDARD = gnu11;
				GCC_NO_COMMON_BLOCKS = YES;
				GCC_WARN_64_TO_32_BIT_CONVERSION = YES;
				GCC_WARN_ABOUT_RETURN_TYPE = YES_ERROR;
				GCC_WARN_UNDECLARED_SELECTOR = YES;
				GCC_WARN_UNINITIALIZED_AUTOS = YES_AGGRESSIVE;
				GCC_WARN_UNUSED_FUNCTION = YES;
				GCC_WARN_UNUSED_VARIABLE = YES;
				IPHONEOS_DEPLOYMENT_TARGET = 11.2;
				MTL_ENABLE_DEBUG_INFO = NO;
				SDKROOT = iphoneos;
				SWIFT_OPTIMIZATION_LEVEL = "-Owholemodule";
				VALIDATE_PRODUCT = YES;
			};
			name = Release;
		};
		04C3256E2029AE940076CF68 /* Debug */ = {
			isa = XCBuildConfiguration;
			baseConfigurationReference = C2002CE62BBECE6728E93D38 /* Pods-Maptest2.debug.xcconfig */;
			buildSettings = {
				ASSETCATALOG_COMPILER_APPICON_NAME = AppIcon;
				CODE_SIGN_STYLE = Automatic;
				INFOPLIST_FILE = Maptest2/Info.plist;
				LD_RUNPATH_SEARCH_PATHS = "$(inherited) @executable_path/Frameworks";
				PRODUCT_BUNDLE_IDENTIFIER = com.swift.Maptest2;
				PRODUCT_NAME = "$(TARGET_NAME)";
				SWIFT_VERSION = 4.0;
				TARGETED_DEVICE_FAMILY = "1,2";
			};
			name = Debug;
		};
		04C3256F2029AE940076CF68 /* Release */ = {
			isa = XCBuildConfiguration;
			baseConfigurationReference = A72C15C6B7FE30153BCF5E39 /* Pods-Maptest2.release.xcconfig */;
			buildSettings = {
				ASSETCATALOG_COMPILER_APPICON_NAME = AppIcon;
				CODE_SIGN_STYLE = Automatic;
				INFOPLIST_FILE = Maptest2/Info.plist;
				LD_RUNPATH_SEARCH_PATHS = "$(inherited) @executable_path/Frameworks";
				PRODUCT_BUNDLE_IDENTIFIER = com.swift.Maptest2;
				PRODUCT_NAME = "$(TARGET_NAME)";
				SWIFT_VERSION = 4.0;
				TARGETED_DEVICE_FAMILY = "1,2";
			};
			name = Release;
		};
/* End XCBuildConfiguration section */

/* Begin XCConfigurationList section */
		04C325562029AE930076CF68 /* Build configuration list for PBXProject "Maptest2" */ = {
			isa = XCConfigurationList;
			buildConfigurations = (
				04C3256B2029AE940076CF68 /* Debug */,
				04C3256C2029AE940076CF68 /* Release */,
			);
			defaultConfigurationIsVisible = 0;
			defaultConfigurationName = Release;
		};
		04C3256D2029AE940076CF68 /* Build configuration list for PBXNativeTarget "Maptest2" */ = {
			isa = XCConfigurationList;
			buildConfigurations = (
				04C3256E2029AE940076CF68 /* Debug */,
				04C3256F2029AE940076CF68 /* Release */,
			);
			defaultConfigurationIsVisible = 0;
			defaultConfigurationName = Release;
		};
/* End XCConfigurationList section */
	};
	rootObject = 04C325532029AE930076CF68 /* Project object */;
}
